
Microsoft Visual Studio Solution File, Format Version 12.00
# Visual Studio 14
VisualStudioVersion = 14.0.25420.1
MinimumVisualStudioVersion = 10.0.40219.1
Project("{FAE04EC0-301F-11D3-BF4B-00C04F79EFBC}") = "Java.Util.Concurrent", "Java.Util.Concurrent\Java.Util.Concurrent.csproj", "{928064F4-1233-44FD-8F8E-DC3BB4AF536E}"
EndProject
Project("{2150E333-8FDC-42A3-9474-1A3956D46DE8}") = ".build", ".build", "{DAC1290A-55F9-4A6C-BCD7-3AF547E8C26A}"
	ProjectSection(SolutionItems) = preProject
		Hystrix.Dashboard\Hystrix.Dashboard.nuspec = Hystrix.Dashboard\Hystrix.Dashboard.nuspec
		Hystrix\Hystrix.nuspec = Hystrix\Hystrix.nuspec
		..\RELEASE_NOTES.md = ..\RELEASE_NOTES.md
	EndProjectSection
EndProject
Project("{FAE04EC0-301F-11D3-BF4B-00C04F79EFBC}") = "Elders.Hystrix.NET", "Elders.Hystrix.NET\Elders.Hystrix.NET.csproj", "{C001192A-C671-4263-A364-F5BCFE20452B}"
EndProject
Project("{FAE04EC0-301F-11D3-BF4B-00C04F79EFBC}") = "Elders.Hystrix.NET.Tests", "Elders.Hystrix.NET.Tests\Elders.Hystrix.NET.Tests.csproj", "{F2763065-50AF-40BC-AC21-EA7F76839229}"
EndProject
Global
	GlobalSection(SolutionConfigurationPlatforms) = preSolution
		Debug|Any CPU = Debug|Any CPU
		Release|Any CPU = Release|Any CPU
	EndGlobalSection
	GlobalSection(ProjectConfigurationPlatforms) = postSolution
		{928064F4-1233-44FD-8F8E-DC3BB4AF536E}.Debug|Any CPU.ActiveCfg = Debug|Any CPU
		{928064F4-1233-44FD-8F8E-DC3BB4AF536E}.Debug|Any CPU.Build.0 = Debug|Any CPU
		{928064F4-1233-44FD-8F8E-DC3BB4AF536E}.Release|Any CPU.ActiveCfg = Release|Any CPU
		{928064F4-1233-44FD-8F8E-DC3BB4AF536E}.Release|Any CPU.Build.0 = Release|Any CPU
		{C001192A-C671-4263-A364-F5BCFE20452B}.Debug|Any CPU.ActiveCfg = Debug|Any CPU
		{C001192A-C671-4263-A364-F5BCFE20452B}.Debug|Any CPU.Build.0 = Debug|Any CPU
		{C001192A-C671-4263-A364-F5BCFE20452B}.Release|Any CPU.ActiveCfg = Release|Any CPU
		{C001192A-C671-4263-A364-F5BCFE20452B}.Release|Any CPU.Build.0 = Release|Any CPU
		{F2763065-50AF-40BC-AC21-EA7F76839229}.Debug|Any CPU.ActiveCfg = Debug|Any CPU
		{F2763065-50AF-40BC-AC21-EA7F76839229}.Debug|Any CPU.Build.0 = Debug|Any CPU
		{F2763065-50AF-40BC-AC21-EA7F76839229}.Release|Any CPU.ActiveCfg = Release|Any CPU
		{F2763065-50AF-40BC-AC21-EA7F76839229}.Release|Any CPU.Build.0 = Release|Any CPU
	EndGlobalSection
	GlobalSection(SolutionProperties) = preSolution
		HideSolutionNode = FALSE
	EndGlobalSection
EndGlobal
