
Microsoft Visual Studio Solution File, Format Version 12.00
# Visual Studio 14
VisualStudioVersion = 14.0.25123.0
MinimumVisualStudioVersion = 10.0.40219.1
Project("{FAE04EC0-301F-11D3-BF4B-00C04F79EFBC}") = "Hystrix", "Hystrix\Hystrix.csproj", "{C001192A-C671-4263-A364-F5BCFE20452B}"
EndProject
Project("{FAE04EC0-301F-11D3-BF4B-00C04F79EFBC}") = "Hystrix.Test", "Hystrix.Test\Hystrix.Test.csproj", "{F2763065-50AF-40BC-AC21-EA7F76839229}"
EndProject
Project("{FAE04EC0-301F-11D3-BF4B-00C04F79EFBC}") = "Java.Util.Concurrent", "Java.Util.Concurrent\Java.Util.Concurrent.csproj", "{928064F4-1233-44FD-8F8E-DC3BB4AF536E}"
EndProject
Project("{FAE04EC0-301F-11D3-BF4B-00C04F79EFBC}") = "Hystrix.Example", "Hystrix.Example\Hystrix.Example.csproj", "{6DB5E141-DE85-4CEF-917D-E277EC878A66}"
EndProject
Project("{FAE04EC0-301F-11D3-BF4B-00C04F79EFBC}") = "Hystrix.Dashboard", "Hystrix.Dashboard\Hystrix.Dashboard.csproj", "{2F667CAC-70E8-40C9-A4A6-613B86F05190}"
EndProject
Project("{2150E333-8FDC-42A3-9474-1A3956D46DE8}") = "UnitTests", "UnitTests", "{C16B8669-93F8-41E2-B5F7-86FA707072D0}"
EndProject
Project("{2150E333-8FDC-42A3-9474-1A3956D46DE8}") = "Examples", "Examples", "{3F913BBD-A190-4FCC-8F67-180301B57365}"
EndProject
Project("{2150E333-8FDC-42A3-9474-1A3956D46DE8}") = ".build", ".build", "{DAC1290A-55F9-4A6C-BCD7-3AF547E8C26A}"
	ProjectSection(SolutionItems) = preProject
		Hystrix\Hystrix.nuspec = Hystrix\Hystrix.nuspec
		Hystrix\RELEASE_NOTES.md = Hystrix\RELEASE_NOTES.md
	EndProjectSection
EndProject
Global
	GlobalSection(SolutionConfigurationPlatforms) = preSolution
		Debug|Any CPU = Debug|Any CPU
		Release|Any CPU = Release|Any CPU
	EndGlobalSection
	GlobalSection(ProjectConfigurationPlatforms) = postSolution
		{C001192A-C671-4263-A364-F5BCFE20452B}.Debug|Any CPU.ActiveCfg = Debug|Any CPU
		{C001192A-C671-4263-A364-F5BCFE20452B}.Debug|Any CPU.Build.0 = Debug|Any CPU
		{C001192A-C671-4263-A364-F5BCFE20452B}.Release|Any CPU.ActiveCfg = Release|Any CPU
		{C001192A-C671-4263-A364-F5BCFE20452B}.Release|Any CPU.Build.0 = Release|Any CPU
		{F2763065-50AF-40BC-AC21-EA7F76839229}.Debug|Any CPU.ActiveCfg = Debug|Any CPU
		{F2763065-50AF-40BC-AC21-EA7F76839229}.Debug|Any CPU.Build.0 = Debug|Any CPU
		{F2763065-50AF-40BC-AC21-EA7F76839229}.Release|Any CPU.ActiveCfg = Release|Any CPU
		{F2763065-50AF-40BC-AC21-EA7F76839229}.Release|Any CPU.Build.0 = Release|Any CPU
		{928064F4-1233-44FD-8F8E-DC3BB4AF536E}.Debug|Any CPU.ActiveCfg = Debug|Any CPU
		{928064F4-1233-44FD-8F8E-DC3BB4AF536E}.Debug|Any CPU.Build.0 = Debug|Any CPU
		{928064F4-1233-44FD-8F8E-DC3BB4AF536E}.Release|Any CPU.ActiveCfg = Release|Any CPU
		{928064F4-1233-44FD-8F8E-DC3BB4AF536E}.Release|Any CPU.Build.0 = Release|Any CPU
		{6DB5E141-DE85-4CEF-917D-E277EC878A66}.Debug|Any CPU.ActiveCfg = Debug|Any CPU
		{6DB5E141-DE85-4CEF-917D-E277EC878A66}.Debug|Any CPU.Build.0 = Debug|Any CPU
		{6DB5E141-DE85-4CEF-917D-E277EC878A66}.Release|Any CPU.ActiveCfg = Release|Any CPU
		{6DB5E141-DE85-4CEF-917D-E277EC878A66}.Release|Any CPU.Build.0 = Release|Any CPU
		{2F667CAC-70E8-40C9-A4A6-613B86F05190}.Debug|Any CPU.ActiveCfg = Debug|Any CPU
		{2F667CAC-70E8-40C9-A4A6-613B86F05190}.Debug|Any CPU.Build.0 = Debug|Any CPU
		{2F667CAC-70E8-40C9-A4A6-613B86F05190}.Release|Any CPU.ActiveCfg = Release|Any CPU
		{2F667CAC-70E8-40C9-A4A6-613B86F05190}.Release|Any CPU.Build.0 = Release|Any CPU
	EndGlobalSection
	GlobalSection(SolutionProperties) = preSolution
		HideSolutionNode = FALSE
	EndGlobalSection
	GlobalSection(NestedProjects) = preSolution
		{F2763065-50AF-40BC-AC21-EA7F76839229} = {C16B8669-93F8-41E2-B5F7-86FA707072D0}
		{6DB5E141-DE85-4CEF-917D-E277EC878A66} = {3F913BBD-A190-4FCC-8F67-180301B57365}
	EndGlobalSection
EndGlobal
